
Microsoft Visual Studio Solution File, Format Version 12.00
# Visual Studio 15
VisualStudioVersion = 15.0.26124.0
MinimumVisualStudioVersion = 15.0.26124.0
Project("{9A19103F-16F7-4668-BE54-9A1E7A4F7556}") = "R5T.NetStandard.IO.Serialization.Construction", "R5T.NetStandard.IO.Serialization.Construction\R5T.NetStandard.IO.Serialization.Construction.csproj", "{1F9E7236-6791-4784-BD8E-AC98826125A2}"
EndProject
Project("{9A19103F-16F7-4668-BE54-9A1E7A4F7556}") = "R5T.NetStandard.IO.Serialization", "R5T.NetStandard.IO.Serialization\R5T.NetStandard.IO.Serialization.csproj", "{13E846CF-B8F0-44D6-9B0B-BC30007B72F1}"
EndProject
Project("{9A19103F-16F7-4668-BE54-9A1E7A4F7556}") = "R5T.NetStandard.IO.Types", "..\..\R5T.NetStandard.IO.Types\source\R5T.NetStandard.IO.Types\R5T.NetStandard.IO.Types.csproj", "{D8BBEB66-4774-4899-81B1-270AF607EEF6}"
EndProject
Project("{2150E333-8FDC-42A3-9474-1A3956D46DE8}") = "_Dependencies", "_Dependencies", "{8F480B19-E441-4D5E-9C60-6B3A36DFC95D}"
EndProject
Global
	GlobalSection(SolutionConfigurationPlatforms) = preSolution
		Debug|Any CPU = Debug|Any CPU
		Debug|x64 = Debug|x64
		Debug|x86 = Debug|x86
		Release|Any CPU = Release|Any CPU
		Release|x64 = Release|x64
		Release|x86 = Release|x86
	EndGlobalSection
	GlobalSection(ProjectConfigurationPlatforms) = postSolution
		{1F9E7236-6791-4784-BD8E-AC98826125A2}.Debug|Any CPU.ActiveCfg = Debug|Any CPU
		{1F9E7236-6791-4784-BD8E-AC98826125A2}.Debug|Any CPU.Build.0 = Debug|Any CPU
		{1F9E7236-6791-4784-BD8E-AC98826125A2}.Debug|x64.ActiveCfg = Debug|Any CPU
		{1F9E7236-6791-4784-BD8E-AC98826125A2}.Debug|x64.Build.0 = Debug|Any CPU
		{1F9E7236-6791-4784-BD8E-AC98826125A2}.Debug|x86.ActiveCfg = Debug|Any CPU
		{1F9E7236-6791-4784-BD8E-AC98826125A2}.Debug|x86.Build.0 = Debug|Any CPU
		{1F9E7236-6791-4784-BD8E-AC98826125A2}.Release|Any CPU.ActiveCfg = Release|Any CPU
		{1F9E7236-6791-4784-BD8E-AC98826125A2}.Release|Any CPU.Build.0 = Release|Any CPU
		{1F9E7236-6791-4784-BD8E-AC98826125A2}.Release|x64.ActiveCfg = Release|Any CPU
		{1F9E7236-6791-4784-BD8E-AC98826125A2}.Release|x64.Build.0 = Release|Any CPU
		{1F9E7236-6791-4784-BD8E-AC98826125A2}.Release|x86.ActiveCfg = Release|Any CPU
		{1F9E7236-6791-4784-BD8E-AC98826125A2}.Release|x86.Build.0 = Release|Any CPU
		{13E846CF-B8F0-44D6-9B0B-BC30007B72F1}.Debug|Any CPU.ActiveCfg = Debug|Any CPU
		{13E846CF-B8F0-44D6-9B0B-BC30007B72F1}.Debug|Any CPU.Build.0 = Debug|Any CPU
		{13E846CF-B8F0-44D6-9B0B-BC30007B72F1}.Debug|x64.ActiveCfg = Debug|Any CPU
		{13E846CF-B8F0-44D6-9B0B-BC30007B72F1}.Debug|x64.Build.0 = Debug|Any CPU
		{13E846CF-B8F0-44D6-9B0B-BC30007B72F1}.Debug|x86.ActiveCfg = Debug|Any CPU
		{13E846CF-B8F0-44D6-9B0B-BC30007B72F1}.Debug|x86.Build.0 = Debug|Any CPU
		{13E846CF-B8F0-44D6-9B0B-BC30007B72F1}.Release|Any CPU.ActiveCfg = Release|Any CPU
		{13E846CF-B8F0-44D6-9B0B-BC30007B72F1}.Release|Any CPU.Build.0 = Release|Any CPU
		{13E846CF-B8F0-44D6-9B0B-BC30007B72F1}.Release|x64.ActiveCfg = Release|Any CPU
		{13E846CF-B8F0-44D6-9B0B-BC30007B72F1}.Release|x64.Build.0 = Release|Any CPU
		{13E846CF-B8F0-44D6-9B0B-BC30007B72F1}.Release|x86.ActiveCfg = Release|Any CPU
		{13E846CF-B8F0-44D6-9B0B-BC30007B72F1}.Release|x86.Build.0 = Release|Any CPU
		{D8BBEB66-4774-4899-81B1-270AF607EEF6}.Debug|Any CPU.ActiveCfg = Debug|Any CPU
		{D8BBEB66-4774-4899-81B1-270AF607EEF6}.Debug|Any CPU.Build.0 = Debug|Any CPU
		{D8BBEB66-4774-4899-81B1-270AF607EEF6}.Debug|x64.ActiveCfg = Debug|Any CPU
		{D8BBEB66-4774-4899-81B1-270AF607EEF6}.Debug|x64.Build.0 = Debug|Any CPU
		{D8BBEB66-4774-4899-81B1-270AF607EEF6}.Debug|x86.ActiveCfg = Debug|Any CPU
		{D8BBEB66-4774-4899-81B1-270AF607EEF6}.Debug|x86.Build.0 = Debug|Any CPU
		{D8BBEB66-4774-4899-81B1-270AF607EEF6}.Release|Any CPU.ActiveCfg = Release|Any CPU
		{D8BBEB66-4774-4899-81B1-270AF607EEF6}.Release|Any CPU.Build.0 = Release|Any CPU
		{D8BBEB66-4774-4899-81B1-270AF607EEF6}.Release|x64.ActiveCfg = Release|Any CPU
		{D8BBEB66-4774-4899-81B1-270AF607EEF6}.Release|x64.Build.0 = Release|Any CPU
		{D8BBEB66-4774-4899-81B1-270AF607EEF6}.Release|x86.ActiveCfg = Release|Any CPU
		{D8BBEB66-4774-4899-81B1-270AF607EEF6}.Release|x86.Build.0 = Release|Any CPU
	EndGlobalSection
	GlobalSection(SolutionProperties) = preSolution
		HideSolutionNode = FALSE
	EndGlobalSection
	GlobalSection(NestedProjects) = preSolution
		{D8BBEB66-4774-4899-81B1-270AF607EEF6} = {8F480B19-E441-4D5E-9C60-6B3A36DFC95D}
	EndGlobalSection
	GlobalSection(ExtensibilityGlobals) = postSolution
		SolutionGuid = {82495032-050F-471B-8A8F-9FF3EA6ECB7A}
	EndGlobalSection
EndGlobal
